
Microsoft Visual Studio Solution File, Format Version 12.00
# Visual Studio Version 17
VisualStudioVersion = 17.1.32421.90
MinimumVisualStudioVersion = 10.0.40219.1
Project("{FAE04EC0-301F-11D3-BF4B-00C04F79EFBC}") = "API", "API\API.csproj", "{5CF21A4B-B01B-4431-8E6D-E6295DC59C84}"
EndProject
Project("{FAE04EC0-301F-11D3-BF4B-00C04F79EFBC}") = "CORE", "CORE\CORE.csproj", "{9AA67440-8E40-48F6-B817-80399B04E43E}"
EndProject
Project("{FAE04EC0-301F-11D3-BF4B-00C04F79EFBC}") = "DATA", "DATA\DATA.csproj", "{65C312D1-58AC-4391-89FE-DE3B44A5587C}"
EndProject
Global
	GlobalSection(SolutionConfigurationPlatforms) = preSolution
		Debug|Any CPU = Debug|Any CPU
		Release|Any CPU = Release|Any CPU
	EndGlobalSection
	GlobalSection(ProjectConfigurationPlatforms) = postSolution
		{5CF21A4B-B01B-4431-8E6D-E6295DC59C84}.Debug|Any CPU.ActiveCfg = Debug|Any CPU
		{5CF21A4B-B01B-4431-8E6D-E6295DC59C84}.Debug|Any CPU.Build.0 = Debug|Any CPU
		{5CF21A4B-B01B-4431-8E6D-E6295DC59C84}.Release|Any CPU.ActiveCfg = Release|Any CPU
		{5CF21A4B-B01B-4431-8E6D-E6295DC59C84}.Release|Any CPU.Build.0 = Release|Any CPU
		{9AA67440-8E40-48F6-B817-80399B04E43E}.Debug|Any CPU.ActiveCfg = Debug|Any CPU
		{9AA67440-8E40-48F6-B817-80399B04E43E}.Debug|Any CPU.Build.0 = Debug|Any CPU
		{9AA67440-8E40-48F6-B817-80399B04E43E}.Release|Any CPU.ActiveCfg = Release|Any CPU
		{9AA67440-8E40-48F6-B817-80399B04E43E}.Release|Any CPU.Build.0 = Release|Any CPU
		{65C312D1-58AC-4391-89FE-DE3B44A5587C}.Debug|Any CPU.ActiveCfg = Debug|Any CPU
		{65C312D1-58AC-4391-89FE-DE3B44A5587C}.Debug|Any CPU.Build.0 = Debug|Any CPU
		{65C312D1-58AC-4391-89FE-DE3B44A5587C}.Release|Any CPU.ActiveCfg = Release|Any CPU
		{65C312D1-58AC-4391-89FE-DE3B44A5587C}.Release|Any CPU.Build.0 = Release|Any CPU
	EndGlobalSection
	GlobalSection(SolutionProperties) = preSolution
		HideSolutionNode = FALSE
	EndGlobalSection
	GlobalSection(ExtensibilityGlobals) = postSolution
		SolutionGuid = {8FED2ABC-13A5-42A1-845E-1A084111F483}
	EndGlobalSection
EndGlobal
